
Microsoft Visual Studio Solution File, Format Version 12.00
# Visual Studio 15
VisualStudioVersion = 15.0.28307.489
MinimumVisualStudioVersion = 10.0.40219.1
Project("{FAE04EC0-301F-11D3-BF4B-00C04F79EFBC}") = "FROG.DotNet", "FROG.DotNet\FROG.DotNet.csproj", "{F29C1491-6066-48B1-B158-16A02B8F7541}"
EndProject
Project("{FAE04EC0-301F-11D3-BF4B-00C04F79EFBC}") = "FROG.DotNet.Tests", "FROG.DotNet.Tests\FROG.DotNet.Tests.csproj", "{00208E76-221D-42B3-ADF0-BBAF289F66C6}"
EndProject
Global
	GlobalSection(SolutionConfigurationPlatforms) = preSolution
		Debug|Any CPU = Debug|Any CPU
		Release|Any CPU = Release|Any CPU
	EndGlobalSection
	GlobalSection(ProjectConfigurationPlatforms) = postSolution
		{F29C1491-6066-48B1-B158-16A02B8F7541}.Debug|Any CPU.ActiveCfg = Debug|Any CPU
		{F29C1491-6066-48B1-B158-16A02B8F7541}.Debug|Any CPU.Build.0 = Debug|Any CPU
		{F29C1491-6066-48B1-B158-16A02B8F7541}.Release|Any CPU.ActiveCfg = Release|Any CPU
		{F29C1491-6066-48B1-B158-16A02B8F7541}.Release|Any CPU.Build.0 = Release|Any CPU
		{00208E76-221D-42B3-ADF0-BBAF289F66C6}.Debug|Any CPU.ActiveCfg = Debug|Any CPU
		{00208E76-221D-42B3-ADF0-BBAF289F66C6}.Debug|Any CPU.Build.0 = Debug|Any CPU
		{00208E76-221D-42B3-ADF0-BBAF289F66C6}.Release|Any CPU.ActiveCfg = Release|Any CPU
		{00208E76-221D-42B3-ADF0-BBAF289F66C6}.Release|Any CPU.Build.0 = Release|Any CPU
	EndGlobalSection
	GlobalSection(SolutionProperties) = preSolution
		HideSolutionNode = FALSE
	EndGlobalSection
	GlobalSection(ExtensibilityGlobals) = postSolution
		SolutionGuid = {0011C965-AE72-4448-BA33-527C9653EDF4}
	EndGlobalSection
EndGlobal
